// !$*UTF8*$!
{
	archiveVersion = 1;
	classes = {
	};
	objectVersion = 46;
	objects = {

/* Begin PBXBuildFile section */
		073C70921A1D479C00AAEF09 /* AppDelegate.swift in Sources */ = {isa = PBXBuildFile; fileRef = 073C70911A1D479C00AAEF09 /* AppDelegate.swift */; };
		073C70941A1D479C00AAEF09 /* ViewController.swift in Sources */ = {isa = PBXBuildFile; fileRef = 073C70931A1D479C00AAEF09 /* ViewController.swift */; };
		073C70971A1D479C00AAEF09 /* Main.storyboard in Resources */ = {isa = PBXBuildFile; fileRef = 073C70951A1D479C00AAEF09 /* Main.storyboard */; };
		073C70991A1D479C00AAEF09 /* Images.xcassets in Resources */ = {isa = PBXBuildFile; fileRef = 073C70981A1D479C00AAEF09 /* Images.xcassets */; };
		073C709C1A1D479C00AAEF09 /* LaunchScreen.xib in Resources */ = {isa = PBXBuildFile; fileRef = 073C709A1A1D479C00AAEF09 /* LaunchScreen.xib */; };
		073C70A81A1D479C00AAEF09 /* TransitionTest1Tests.swift in Sources */ = {isa = PBXBuildFile; fileRef = 073C70A71A1D479C00AAEF09 /* TransitionTest1Tests.swift */; };
		073C70B21A1D5FE800AAEF09 /* TransitionManager.swift in Sources */ = {isa = PBXBuildFile; fileRef = 073C70B11A1D5FE800AAEF09 /* TransitionManager.swift */; };
/* End PBXBuildFile section */

/* Begin PBXContainerItemProxy section */
		073C70A21A1D479C00AAEF09 /* PBXContainerItemProxy */ = {
			isa = PBXContainerItemProxy;
			containerPortal = 073C70841A1D479C00AAEF09 /* Project object */;
			proxyType = 1;
			remoteGlobalIDString = 073C708B1A1D479C00AAEF09;
			remoteInfo = TransitionTest1;
		};
/* End PBXContainerItemProxy section */

/* Begin PBXFileReference section */
		073C708C1A1D479C00AAEF09 /* TransitionTest1.app */ = {isa = PBXFileReference; explicitFileType = wrapper.application; includeInIndex = 0; path = TransitionTest1.app; sourceTree = BUILT_PRODUCTS_DIR; };
		073C70901A1D479C00AAEF09 /* Info.plist */ = {isa = PBXFileReference; lastKnownFileType = text.plist.xml; path = Info.plist; sourceTree = "<group>"; };
		073C70911A1D479C00AAEF09 /* AppDelegate.swift */ = {isa = PBXFileReference; lastKnownFileType = sourcecode.swift; path = AppDelegate.swift; sourceTree = "<group>"; };
		073C70931A1D479C00AAEF09 /* ViewController.swift */ = {isa = PBXFileReference; lastKnownFileType = sourcecode.swift; path = ViewController.swift; sourceTree = "<group>"; };
		073C70961A1D479C00AAEF09 /* Base */ = {isa = PBXFileReference; lastKnownFileType = file.storyboard; name = Base; path = Base.lproj/Main.storyboard; sourceTree = "<group>"; };
		073C70981A1D479C00AAEF09 /* Images.xcassets */ = {isa = PBXFileReference; lastKnownFileType = folder.assetcatalog; path = Images.xcassets; sourceTree = "<group>"; };
		073C709B1A1D479C00AAEF09 /* Base */ = {isa = PBXFileReference; lastKnownFileType = file.xib; name = Base; path = Base.lproj/LaunchScreen.xib; sourceTree = "<group>"; };
		073C70A11A1D479C00AAEF09 /* TransitionTest1Tests.xctest */ = {isa = PBXFileReference; explicitFileType = wrapper.cfbundle; includeInIndex = 0; path = TransitionTest1Tests.xctest; sourceTree = BUILT_PRODUCTS_DIR; };
		073C70A61A1D479C00AAEF09 /* Info.plist */ = {isa = PBXFileReference; lastKnownFileType = text.plist.xml; path = Info.plist; sourceTree = "<group>"; };
		073C70A71A1D479C00AAEF09 /* TransitionTest1Tests.swift */ = {isa = PBXFileReference; lastKnownFileType = sourcecode.swift; path = TransitionTest1Tests.swift; sourceTree = "<group>"; };
		073C70B11A1D5FE800AAEF09 /* TransitionManager.swift */ = {isa = PBXFileReference; fileEncoding = 4; lastKnownFileType = sourcecode.swift; path = TransitionManager.swift; sourceTree = "<group>"; };
/* End PBXFileReference section */

/* Begin PBXFrameworksBuildPhase section */
		073C70891A1D479C00AAEF09 /* Frameworks */ = {
			isa = PBXFrameworksBuildPhase;
			buildActionMask = 2147483647;
			files = (
			);
			runOnlyForDeploymentPostprocessing = 0;
		};
		073C709E1A1D479C00AAEF09 /* Frameworks */ = {
			isa = PBXFrameworksBuildPhase;
			buildActionMask = 2147483647;
			files = (
			);
			runOnlyForDeploymentPostprocessing = 0;
		};
/* End PBXFrameworksBuildPhase section */

/* Begin PBXGroup section */
		073C70831A1D479C00AAEF09 = {
			isa = PBXGroup;
			children = (
				073C708E1A1D479C00AAEF09 /* TransitionTest1 */,
				073C70A41A1D479C00AAEF09 /* TransitionTest1Tests */,
				073C708D1A1D479C00AAEF09 /* Products */,
			);
			sourceTree = "<group>";
		};
		073C708D1A1D479C00AAEF09 /* Products */ = {
			isa = PBXGroup;
			children = (
				073C708C1A1D479C00AAEF09 /* TransitionTest1.app */,
				073C70A11A1D479C00AAEF09 /* TransitionTest1Tests.xctest */,
			);
			name = Products;
			sourceTree = "<group>";
		};
		073C708E1A1D479C00AAEF09 /* TransitionTest1 */ = {
			isa = PBXGroup;
			children = (
				073C70911A1D479C00AAEF09 /* AppDelegate.swift */,
				073C70931A1D479C00AAEF09 /* ViewController.swift */,
				073C70951A1D479C00AAEF09 /* Main.storyboard */,
				073C70B11A1D5FE800AAEF09 /* TransitionManager.swift */,
				073C70981A1D479C00AAEF09 /* Images.xcassets */,
				073C709A1A1D479C00AAEF09 /* LaunchScreen.xib */,
				073C708F1A1D479C00AAEF09 /* Supporting Files */,
			);
			path = TransitionTest1;
			sourceTree = "<group>";
		};
		073C708F1A1D479C00AAEF09 /* Supporting Files */ = {
			isa = PBXGroup;
			children = (
				073C70901A1D479C00AAEF09 /* Info.plist */,
			);
			name = "Supporting Files";
			sourceTree = "<group>";
		};
		073C70A41A1D479C00AAEF09 /* TransitionTest1Tests */ = {
			isa = PBXGroup;
			children = (
				073C70A71A1D479C00AAEF09 /* TransitionTest1Tests.swift */,
				073C70A51A1D479C00AAEF09 /* Supporting Files */,
			);
			path = TransitionTest1Tests;
			sourceTree = "<group>";
		};
		073C70A51A1D479C00AAEF09 /* Supporting Files */ = {
			isa = PBXGroup;
			children = (
				073C70A61A1D479C00AAEF09 /* Info.plist */,
			);
			name = "Supporting Files";
			sourceTree = "<group>";
		};
/* End PBXGroup section */

/* Begin PBXNativeTarget section */
		073C708B1A1D479C00AAEF09 /* TransitionTest1 */ = {
			isa = PBXNativeTarget;
			buildConfigurationList = 073C70AB1A1D479C00AAEF09 /* Build configuration list for PBXNativeTarget "TransitionTest1" */;
			buildPhases = (
				073C70881A1D479C00AAEF09 /* Sources */,
				073C70891A1D479C00AAEF09 /* Frameworks */,
				073C708A1A1D479C00AAEF09 /* Resources */,
			);
			buildRules = (
			);
			dependencies = (
			);
			name = TransitionTest1;
			productName = TransitionTest1;
			productReference = 073C708C1A1D479C00AAEF09 /* TransitionTest1.app */;
			productType = "com.apple.product-type.application";
		};
		073C70A01A1D479C00AAEF09 /* TransitionTest1Tests */ = {
			isa = PBXNativeTarget;
			buildConfigurationList = 073C70AE1A1D479C00AAEF09 /* Build configuration list for PBXNativeTarget "TransitionTest1Tests" */;
			buildPhases = (
				073C709D1A1D479C00AAEF09 /* Sources */,
				073C709E1A1D479C00AAEF09 /* Frameworks */,
				073C709F1A1D479C00AAEF09 /* Resources */,
			);
			buildRules = (
			);
			dependencies = (
				073C70A31A1D479C00AAEF09 /* PBXTargetDependency */,
			);
			name = TransitionTest1Tests;
			productName = TransitionTest1Tests;
			productReference = 073C70A11A1D479C00AAEF09 /* TransitionTest1Tests.xctest */;
			productType = "com.apple.product-type.bundle.unit-test";
		};
/* End PBXNativeTarget section */

/* Begin PBXProject section */
		073C70841A1D479C00AAEF09 /* Project object */ = {
			isa = PBXProject;
			attributes = {
				LastUpgradeCheck = 0610;
				ORGANIZATIONNAME = "Yihe Li";
				TargetAttributes = {
					073C708B1A1D479C00AAEF09 = {
						CreatedOnToolsVersion = 6.1;
					};
					073C70A01A1D479C00AAEF09 = {
						CreatedOnToolsVersion = 6.1;
						TestTargetID = 073C708B1A1D479C00AAEF09;
					};
				};
			};
			buildConfigurationList = 073C70871A1D479C00AAEF09 /* Build configuration list for PBXProject "TransitionTest1" */;
			compatibilityVersion = "Xcode 3.2";
			developmentRegion = English;
			hasScannedForEncodings = 0;
			knownRegions = (
				en,
				Base,
			);
			mainGroup = 073C70831A1D479C00AAEF09;
			productRefGroup = 073C708D1A1D479C00AAEF09 /* Products */;
			projectDirPath = "";
			projectRoot = "";
			targets = (
				073C708B1A1D479C00AAEF09 /* TransitionTest1 */,
				073C70A01A1D479C00AAEF09 /* TransitionTest1Tests */,
			);
		};
/* End PBXProject section */

/* Begin PBXResourcesBuildPhase section */
		073C708A1A1D479C00AAEF09 /* Resources */ = {
			isa = PBXResourcesBuildPhase;
			buildActionMask = 2147483647;
			files = (
				073C70971A1D479C00AAEF09 /* Main.storyboard in Resources */,
				073C709C1A1D479C00AAEF09 /* LaunchScreen.xib in Resources */,
				073C70991A1D479C00AAEF09 /* Images.xcassets in Resources */,
			);
			runOnlyForDeploymentPostprocessing = 0;
		};
		073C709F1A1D479C00AAEF09 /* Resources */ = {
			isa = PBXResourcesBuildPhase;
			buildActionMask = 2147483647;
			files = (
			);
			runOnlyForDeploymentPostprocessing = 0;
		};
/* End PBXResourcesBuildPhase section */

/* Begin PBXSourcesBuildPhase section */
		073C70881A1D479C00AAEF09 /* Sources */ = {
			isa = PBXSourcesBuildPhase;
			buildActionMask = 2147483647;
			files = (
				073C70B21A1D5FE800AAEF09 /* TransitionManager.swift in Sources */,
				073C70941A1D479C00AAEF09 /* ViewController.swift in Sources */,
				073C70921A1D479C00AAEF09 /* AppDelegate.swift in Sources */,
			);
			runOnlyForDeploymentPostprocessing = 0;
		};
		073C709D1A1D479C00AAEF09 /* Sources */ = {
			isa = PBXSourcesBuildPhase;
			buildActionMask = 2147483647;
			files = (
				073C70A81A1D479C00AAEF09 /* TransitionTest1Tests.swift in Sources */,
			);
			runOnlyForDeploymentPostprocessing = 0;
		};
/* End PBXSourcesBuildPhase section */

/* Begin PBXTargetDependency section */
		073C70A31A1D479C00AAEF09 /* PBXTargetDependency */ = {
			isa = PBXTargetDependency;
			target = 073C708B1A1D479C00AAEF09 /* TransitionTest1 */;
			targetProxy = 073C70A21A1D479C00AAEF09 /* PBXContainerItemProxy */;
		};
/* End PBXTargetDependency section */

/* Begin PBXVariantGroup section */
		073C70951A1D479C00AAEF09 /* Main.storyboard */ = {
			isa = PBXVariantGroup;
			children = (
				073C70961A1D479C00AAEF09 /* Base */,
			);
			name = Main.storyboard;
			sourceTree = "<group>";
		};
		073C709A1A1D479C00AAEF09 /* LaunchScreen.xib */ = {
			isa = PBXVariantGroup;
			children = (
				073C709B1A1D479C00AAEF09 /* Base */,
			);
			name = LaunchScreen.xib;
			sourceTree = "<group>";
		};
/* End PBXVariantGroup section */

/* Begin XCBuildConfiguration section */
		073C70A91A1D479C00AAEF09 /* Debug */ = {
			isa = XCBuildConfiguration;
			buildSettings = {
				ALWAYS_SEARCH_USER_PATHS = NO;
				CLANG_CXX_LANGUAGE_STANDARD = "gnu++0x";
				CLANG_CXX_LIBRARY = "libc++";
				CLANG_ENABLE_MODULES = YES;
				CLANG_ENABLE_OBJC_ARC = YES;
				CLANG_WARN_BOOL_CONVERSION = YES;
				CLANG_WARN_CONSTANT_CONVERSION = YES;
				CLANG_WARN_DIRECT_OBJC_ISA_USAGE = YES_ERROR;
				CLANG_WARN_EMPTY_BODY = YES;
				CLANG_WARN_ENUM_CONVERSION = YES;
				CLANG_WARN_INT_CONVERSION = YES;
				CLANG_WARN_OBJC_ROOT_CLASS = YES_ERROR;
				CLANG_WARN_UNREACHABLE_CODE = YES;
				CLANG_WARN__DUPLICATE_METHOD_MATCH = YES;
				"CODE_SIGN_IDENTITY[sdk=iphoneos*]" = "iPhone Developer";
				COPY_PHASE_STRIP = NO;
				ENABLE_STRICT_OBJC_MSGSEND = YES;
				GCC_C_LANGUAGE_STANDARD = gnu99;
				GCC_DYNAMIC_NO_PIC = NO;
				GCC_OPTIMIZATION_LEVEL = 0;
				GCC_PREPROCESSOR_DEFINITIONS = (
					"DEBUG=1",
					"$(inherited)",
				);
				GCC_SYMBOLS_PRIVATE_EXTERN = NO;
				GCC_WARN_64_TO_32_BIT_CONVERSION = YES;
				GCC_WARN_ABOUT_RETURN_TYPE = YES_ERROR;
				GCC_WARN_UNDECLARED_SELECTOR = YES;
				GCC_WARN_UNINITIALIZED_AUTOS = YES_AGGRESSIVE;
				GCC_WARN_UNUSED_FUNCTION = YES;
				GCC_WARN_UNUSED_VARIABLE = YES;
				IPHONEOS_DEPLOYMENT_TARGET = 8.1;
				MTL_ENABLE_DEBUG_INFO = YES;
				ONLY_ACTIVE_ARCH = YES;
				SDKROOT = iphoneos;
				SWIFT_OPTIMIZATION_LEVEL = "-Onone";
			};
			name = Debug;
		};
		073C70AA1A1D479C00AAEF09 /* Release */ = {
			isa = XCBuildConfiguration;
			buildSettings = {
				ALWAYS_SEARCH_USER_PATHS = NO;
				CLANG_CXX_LANGUAGE_STANDARD = "gnu++0x";
				CLANG_CXX_LIBRARY = "libc++";
				CLANG_ENABLE_MODULES = YES;
				CLANG_ENABLE_OBJC_ARC = YES;
				CLANG_WARN_BOOL_CONVERSION = YES;
				CLANG_WARN_CONSTANT_CONVERSION = YES;
				CLANG_WARN_DIRECT_OBJC_ISA_USAGE = YES_ERROR;
				CLANG_WARN_EMPTY_BODY = YES;
				CLANG_WARN_ENUM_CONVERSION = YES;
				CLANG_WARN_INT_CONVERSION = YES;
				CLANG_WARN_OBJC_ROOT_CLASS = YES_ERROR;
				CLANG_WARN_UNREACHABLE_CODE = YES;
				CLANG_WARN__DUPLICATE_METHOD_MATCH = YES;
				"CODE_SIGN_IDENTITY[sdk=iphoneos*]" = "iPhone Developer";
				COPY_PHASE_STRIP = YES;
				ENABLE_NS_ASSERTIONS = NO;
				ENABLE_STRICT_OBJC_MSGSEND = YES;
				GCC_C_LANGUAGE_STANDARD = gnu99;
				GCC_WARN_64_TO_32_BIT_CONVERSION = YES;
				GCC_WARN_ABOUT_RETURN_TYPE = YES_ERROR;
				GCC_WARN_UNDECLARED_SELECTOR = YES;
				GCC_WARN_UNINITIALIZED_AUTOS = YES_AGGRESSIVE;
				GCC_WARN_UNUSED_FUNCTION = YES;
				GCC_WARN_UNUSED_VARIABLE = YES;
				IPHONEOS_DEPLOYMENT_TARGET = 8.1;
				MTL_ENABLE_DEBUG_INFO = NO;
				SDKROOT = iphoneos;
				VALIDATE_PRODUCT = YES;
			};
			name = Release;
		};
		073C70AC1A1D479C00AAEF09 /* Debug */ = {
			isa = XCBuildConfiguration;
			buildSettings = {
				ASSETCATALOG_COMPILER_APPICON_NAME = AppIcon;
				INFOPLIST_FILE = TransitionTest1/Info.plist;
				LD_RUNPATH_SEARCH_PATHS = "$(inherited) @executable_path/Frameworks";
				PRODUCT_NAME = "$(TARGET_NAME)";
			};
			name = Debug;
		};
		073C70AD1A1D479C00AAEF09 /* Release */ = {
			isa = XCBuildConfiguration;
			buildSettings = {
				ASSETCATALOG_COMPILER_APPICON_NAME = AppIcon;
				INFOPLIST_FILE = TransitionTest1/Info.plist;
				LD_RUNPATH_SEARCH_PATHS = "$(inherited) @executable_path/Frameworks";
				PRODUCT_NAME = "$(TARGET_NAME)";
			};
			name = Release;
		};
		073C70AF1A1D479C00AAEF09 /* Debug */ = {
			isa = XCBuildConfiguration;
			buildSettings = {
				BUNDLE_LOADER = "$(TEST_HOST)";
				FRAMEWORK_SEARCH_PATHS = (
					"$(SDKROOT)/Developer/Library/Frameworks",
					"$(inherited)",
				);
				GCC_PREPROCESSOR_DEFINITIONS = (
					"DEBUG=1",
					"$(inherited)",
				);
				INFOPLIST_FILE = TransitionTest1Tests/Info.plist;
				LD_RUNPATH_SEARCH_PATHS = "$(inherited) @executable_path/Frameworks @loader_path/Frameworks";
				PRODUCT_NAME = "$(TARGET_NAME)";
				TEST_HOST = "$(BUILT_PRODUCTS_DIR)/TransitionTest1.app/TransitionTest1";
			};
			name = Debug;
		};
		073C70B01A1D479C00AAEF09 /* Release */ = {
			isa = XCBuildConfiguration;
			buildSettings = {
				BUNDLE_LOADER = "$(TEST_HOST)";
				FRAMEWORK_SEARCH_PATHS = (
					"$(SDKROOT)/Developer/Library/Frameworks",
					"$(inherited)",
				);
				INFOPLIST_FILE = TransitionTest1Tests/Info.plist;
				LD_RUNPATH_SEARCH_PATHS = "$(inherited) @executable_path/Frameworks @loader_path/Frameworks";
				PRODUCT_NAME = "$(TARGET_NAME)";
				TEST_HOST = "$(BUILT_PRODUCTS_DIR)/TransitionTest1.app/TransitionTest1";
			};
			name = Release;
		};
/* End XCBuildConfiguration section */

/* Begin XCConfigurationList section */
		073C70871A1D479C00AAEF09 /* Build configuration list for PBXProject "TransitionTest1" */ = {
			isa = XCConfigurationList;
			buildConfigurations = (
				073C70A91A1D479C00AAEF09 /* Debug */,
				073C70AA1A1D479C00AAEF09 /* Release */,
			);
			defaultConfigurationIsVisible = 0;
			defaultConfigurationName = Release;
		};
		073C70AB1A1D479C00AAEF09 /* Build configuration list for PBXNativeTarget "TransitionTest1" */ = {
			isa = XCConfigurationList;
			buildConfigurations = (
				073C70AC1A1D479C00AAEF09 /* Debug */,
				073C70AD1A1D479C00AAEF09 /* Release */,
			);
			defaultConfigurationIsVisible = 0;
		};
		073C70AE1A1D479C00AAEF09 /* Build configuration list for PBXNativeTarget "TransitionTest1Tests" */ = {
			isa = XCConfigurationList;
			buildConfigurations = (
				073C70AF1A1D479C00AAEF09 /* Debug */,
				073C70B01A1D479C00AAEF09 /* Release */,
			);
			defaultConfigurationIsVisible = 0;
		};
/* End XCConfigurationList section */
	};
	rootObject = 073C70841A1D479C00AAEF09 /* Project object */;
}
